
Microsoft Visual Studio Solution File, Format Version 12.00
# Visual Studio 15
VisualStudioVersion = 15.0.27703.2018
MinimumVisualStudioVersion = 10.0.40219.1
Project("{FAE04EC0-301F-11D3-BF4B-00C04F79EFBC}") = "AppUninstaller", "AppUninstaller\AppUninstaller.csproj", "{83E35BAC-989D-42EA-A193-9BBDA4CEFC7C}"
EndProject
Project("{9A19103F-16F7-4668-BE54-9A1E7A4F7556}") = "SharpAdbClient", "SharpAdbClient\SharpAdbClient.csproj", "{0EAE9EFC-B0E0-499F-9BFE-7D0045F0A3A1}"
EndProject
Project("{FAE04EC0-301F-11D3-BF4B-00C04F79EFBC}") = "SharpAdbClient.Extensions", "SharpAdbClient.Extensions\SharpAdbClient.Extensions.csproj", "{58030054-1E04-433E-BEB4-4D8143C64C09}"
EndProject
Global
	GlobalSection(SolutionConfigurationPlatforms) = preSolution
		Debug|Any CPU = Debug|Any CPU
		Release|Any CPU = Release|Any CPU
	EndGlobalSection
	GlobalSection(ProjectConfigurationPlatforms) = postSolution
		{83E35BAC-989D-42EA-A193-9BBDA4CEFC7C}.Debug|Any CPU.ActiveCfg = Debug|Any CPU
		{83E35BAC-989D-42EA-A193-9BBDA4CEFC7C}.Debug|Any CPU.Build.0 = Debug|Any CPU
		{83E35BAC-989D-42EA-A193-9BBDA4CEFC7C}.Release|Any CPU.ActiveCfg = Release|Any CPU
		{83E35BAC-989D-42EA-A193-9BBDA4CEFC7C}.Release|Any CPU.Build.0 = Release|Any CPU
		{0EAE9EFC-B0E0-499F-9BFE-7D0045F0A3A1}.Debug|Any CPU.ActiveCfg = Debug|Any CPU
		{0EAE9EFC-B0E0-499F-9BFE-7D0045F0A3A1}.Debug|Any CPU.Build.0 = Debug|Any CPU
		{0EAE9EFC-B0E0-499F-9BFE-7D0045F0A3A1}.Release|Any CPU.ActiveCfg = Release|Any CPU
		{0EAE9EFC-B0E0-499F-9BFE-7D0045F0A3A1}.Release|Any CPU.Build.0 = Release|Any CPU
		{58030054-1E04-433E-BEB4-4D8143C64C09}.Debug|Any CPU.ActiveCfg = Debug|Any CPU
		{58030054-1E04-433E-BEB4-4D8143C64C09}.Debug|Any CPU.Build.0 = Debug|Any CPU
		{58030054-1E04-433E-BEB4-4D8143C64C09}.Release|Any CPU.ActiveCfg = Release|Any CPU
		{58030054-1E04-433E-BEB4-4D8143C64C09}.Release|Any CPU.Build.0 = Release|Any CPU
	EndGlobalSection
	GlobalSection(SolutionProperties) = preSolution
		HideSolutionNode = FALSE
	EndGlobalSection
	GlobalSection(ExtensibilityGlobals) = postSolution
		SolutionGuid = {09C246AD-D920-42DA-B487-A056F9BAAEAC}
	EndGlobalSection
EndGlobal
